
Microsoft Visual Studio Solution File, Format Version 12.00
# Visual Studio Version 16
VisualStudioVersion = 16.0.29920.165
MinimumVisualStudioVersion = 10.0.40219.1
Project("{FAE04EC0-301F-11D3-BF4B-00C04F79EFBC}") = "LabClases1", "LabClases1\LabClases1.csproj", "{C210BF3D-7249-4995-9613-F5C5728686F9}"
EndProject
Project("{FAE04EC0-301F-11D3-BF4B-00C04F79EFBC}") = "A", "Clases\A.csproj", "{B90D1DB7-F899-4920-88AF-7A4F6C6A3389}"
EndProject
Global
	GlobalSection(SolutionConfigurationPlatforms) = preSolution
		Debug|Any CPU = Debug|Any CPU
		Release|Any CPU = Release|Any CPU
	EndGlobalSection
	GlobalSection(ProjectConfigurationPlatforms) = postSolution
		{C210BF3D-7249-4995-9613-F5C5728686F9}.Debug|Any CPU.ActiveCfg = Debug|Any CPU
		{C210BF3D-7249-4995-9613-F5C5728686F9}.Debug|Any CPU.Build.0 = Debug|Any CPU
		{C210BF3D-7249-4995-9613-F5C5728686F9}.Release|Any CPU.ActiveCfg = Release|Any CPU
		{C210BF3D-7249-4995-9613-F5C5728686F9}.Release|Any CPU.Build.0 = Release|Any CPU
		{B90D1DB7-F899-4920-88AF-7A4F6C6A3389}.Debug|Any CPU.ActiveCfg = Debug|Any CPU
		{B90D1DB7-F899-4920-88AF-7A4F6C6A3389}.Debug|Any CPU.Build.0 = Debug|Any CPU
		{B90D1DB7-F899-4920-88AF-7A4F6C6A3389}.Release|Any CPU.ActiveCfg = Release|Any CPU
		{B90D1DB7-F899-4920-88AF-7A4F6C6A3389}.Release|Any CPU.Build.0 = Release|Any CPU
	EndGlobalSection
	GlobalSection(SolutionProperties) = preSolution
		HideSolutionNode = FALSE
	EndGlobalSection
	GlobalSection(ExtensibilityGlobals) = postSolution
		SolutionGuid = {08190A4C-49B6-4C55-90BB-BD63E61A93EA}
	EndGlobalSection
EndGlobal
