
Microsoft Visual Studio Solution File, Format Version 12.00
# Visual Studio Version 16
VisualStudioVersion = 16.0.29920.165
MinimumVisualStudioVersion = 10.0.40219.1
Project("{FAE04EC0-301F-11D3-BF4B-00C04F79EFBC}") = "LabClases2", "LabClases2\LabClases2.csproj", "{A39FB770-6757-4891-83D5-4FB6A5929D09}"
EndProject
Project("{FAE04EC0-301F-11D3-BF4B-00C04F79EFBC}") = "Clases", "Clases\Clases.csproj", "{77C85FF7-28C3-44BA-B64D-BF358D7EDD15}"
EndProject
Global
	GlobalSection(SolutionConfigurationPlatforms) = preSolution
		Debug|Any CPU = Debug|Any CPU
		Release|Any CPU = Release|Any CPU
	EndGlobalSection
	GlobalSection(ProjectConfigurationPlatforms) = postSolution
		{A39FB770-6757-4891-83D5-4FB6A5929D09}.Debug|Any CPU.ActiveCfg = Debug|Any CPU
		{A39FB770-6757-4891-83D5-4FB6A5929D09}.Debug|Any CPU.Build.0 = Debug|Any CPU
		{A39FB770-6757-4891-83D5-4FB6A5929D09}.Release|Any CPU.ActiveCfg = Release|Any CPU
		{A39FB770-6757-4891-83D5-4FB6A5929D09}.Release|Any CPU.Build.0 = Release|Any CPU
		{77C85FF7-28C3-44BA-B64D-BF358D7EDD15}.Debug|Any CPU.ActiveCfg = Debug|Any CPU
		{77C85FF7-28C3-44BA-B64D-BF358D7EDD15}.Debug|Any CPU.Build.0 = Debug|Any CPU
		{77C85FF7-28C3-44BA-B64D-BF358D7EDD15}.Release|Any CPU.ActiveCfg = Release|Any CPU
		{77C85FF7-28C3-44BA-B64D-BF358D7EDD15}.Release|Any CPU.Build.0 = Release|Any CPU
	EndGlobalSection
	GlobalSection(SolutionProperties) = preSolution
		HideSolutionNode = FALSE
	EndGlobalSection
	GlobalSection(ExtensibilityGlobals) = postSolution
		SolutionGuid = {BA49A04D-9C8D-42C3-8AC9-94935CD67E9E}
	EndGlobalSection
EndGlobal
